
Microsoft Visual Studio Solution File, Format Version 10.00
# Visual Studio 2008
Project("{8BC9CEB8-8B4A-11D0-8D11-00A0C91BC942}") = "GameProject", "GameProject\GameProject.vcproj", "{46A2F2B4-27F2-42E3-BF93-CA44F7013216}"
EndProject
Global
	GlobalSection(SolutionConfigurationPlatforms) = preSolution
		Debug|Win32 = Debug|Win32
		Release|Win32 = Release|Win32
	EndGlobalSection
	GlobalSection(ProjectConfigurationPlatforms) = postSolution
		{46A2F2B4-27F2-42E3-BF93-CA44F7013216}.Debug|Win32.ActiveCfg = Debug|Win32
		{46A2F2B4-27F2-42E3-BF93-CA44F7013216}.Debug|Win32.Build.0 = Debug|Win32
		{46A2F2B4-27F2-42E3-BF93-CA44F7013216}.Release|Win32.ActiveCfg = Release|Win32
		{46A2F2B4-27F2-42E3-BF93-CA44F7013216}.Release|Win32.Build.0 = Release|Win32
	EndGlobalSection
	GlobalSection(SolutionProperties) = preSolution
		HideSolutionNode = FALSE
	EndGlobalSection
EndGlobal
